
Microsoft Visual Studio Solution File, Format Version 12.00
# Visual Studio Version 17
VisualStudioVersion = 17.0.32126.317
MinimumVisualStudioVersion = 10.0.40219.1
Project("{FAE04EC0-301F-11D3-BF4B-00C04F79EFBC}") = "VPN Keepsolid", "WindowsFormsApp1\WindowsFormsApp1\VPN Keepsolid.csproj", "{8F016FFE-D5A5-4DD9-84C6-C5EEDB804B9B}"
EndProject
Global
	GlobalSection(SolutionConfigurationPlatforms) = preSolution
		Debug|Any CPU = Debug|Any CPU
		Release|Any CPU = Release|Any CPU
	EndGlobalSection
	GlobalSection(ProjectConfigurationPlatforms) = postSolution
		{8F016FFE-D5A5-4DD9-84C6-C5EEDB804B9B}.Debug|Any CPU.ActiveCfg = Debug|Any CPU
		{8F016FFE-D5A5-4DD9-84C6-C5EEDB804B9B}.Debug|Any CPU.Build.0 = Debug|Any CPU
		{8F016FFE-D5A5-4DD9-84C6-C5EEDB804B9B}.Release|Any CPU.ActiveCfg = Release|Any CPU
		{8F016FFE-D5A5-4DD9-84C6-C5EEDB804B9B}.Release|Any CPU.Build.0 = Release|Any CPU
	EndGlobalSection
	GlobalSection(SolutionProperties) = preSolution
		HideSolutionNode = FALSE
	EndGlobalSection
	GlobalSection(ExtensibilityGlobals) = postSolution
		SolutionGuid = {75CB9DCA-1998-4DB8-BBDC-1B76CB5CAB10}
	EndGlobalSection
EndGlobal
